
Microsoft Visual Studio Solution File, Format Version 12.00
# Visual Studio Version 16
VisualStudioVersion = 16.0.29326.143
MinimumVisualStudioVersion = 10.0.40219.1
Project("{9A19103F-16F7-4668-BE54-9A1E7A4F7556}") = "NetCoreReact", "NetCoreReact.csproj", "{E64FE1A0-26D2-49F6-8655-A9DA571C5A69}"
EndProject
Global
	GlobalSection(SolutionConfigurationPlatforms) = preSolution
		Debug|Any CPU = Debug|Any CPU
		Release|Any CPU = Release|Any CPU
	EndGlobalSection
	GlobalSection(ProjectConfigurationPlatforms) = postSolution
		{E64FE1A0-26D2-49F6-8655-A9DA571C5A69}.Debug|Any CPU.ActiveCfg = Debug|Any CPU
		{E64FE1A0-26D2-49F6-8655-A9DA571C5A69}.Debug|Any CPU.Build.0 = Debug|Any CPU
		{E64FE1A0-26D2-49F6-8655-A9DA571C5A69}.Release|Any CPU.ActiveCfg = Release|Any CPU
		{E64FE1A0-26D2-49F6-8655-A9DA571C5A69}.Release|Any CPU.Build.0 = Release|Any CPU
	EndGlobalSection
	GlobalSection(SolutionProperties) = preSolution
		HideSolutionNode = FALSE
	EndGlobalSection
	GlobalSection(ExtensibilityGlobals) = postSolution
		SolutionGuid = {0D6F11CD-5BD6-4596-B1E1-8D1F0816743D}
	EndGlobalSection
EndGlobal
